
Microsoft Visual Studio Solution File, Format Version 12.00
# Visual Studio Version 17
VisualStudioVersion = 17.0.31912.275
MinimumVisualStudioVersion = 10.0.40219.1
Project("{FAE04EC0-301F-11D3-BF4B-00C04F79EFBC}") = "Cars", "Cars\Cars.csproj", "{86EF8C2E-3B21-4C37-98F9-3BE753768CAE}"
EndProject
Global
	GlobalSection(SolutionConfigurationPlatforms) = preSolution
		Debug|Any CPU = Debug|Any CPU
		Release|Any CPU = Release|Any CPU
	EndGlobalSection
	GlobalSection(ProjectConfigurationPlatforms) = postSolution
		{86EF8C2E-3B21-4C37-98F9-3BE753768CAE}.Debug|Any CPU.ActiveCfg = Debug|Any CPU
		{86EF8C2E-3B21-4C37-98F9-3BE753768CAE}.Debug|Any CPU.Build.0 = Debug|Any CPU
		{86EF8C2E-3B21-4C37-98F9-3BE753768CAE}.Release|Any CPU.ActiveCfg = Release|Any CPU
		{86EF8C2E-3B21-4C37-98F9-3BE753768CAE}.Release|Any CPU.Build.0 = Release|Any CPU
	EndGlobalSection
	GlobalSection(SolutionProperties) = preSolution
		HideSolutionNode = FALSE
	EndGlobalSection
	GlobalSection(ExtensibilityGlobals) = postSolution
		SolutionGuid = {325EE616-1F00-4460-B6FC-9532E303B8C9}
	EndGlobalSection
EndGlobal
